lockfileVersion: '9.0'

settings:
  autoInstallPeers: true
  excludeLinksFromLockfile: false

importers:

  .:
    dependencies:
      framer-motion:
        specifier: ^11.2.12
        version: 11.2.12

packages:

  framer-motion@11.2.12:
    resolution: {integrity: sha512-lCjkV4nA9rWOy2bhR4RZzkp2xpB++kFmUZ6D44V9VQaxk+JDmbDd5lq+u58DjJIIllE8AZEXp9OG/TyDN4FB/w==}
    peerDependencies:
      '@emotion/is-prop-valid': '*'
      react: ^18.0.0
      react-dom: ^18.0.0
    peerDependenciesMeta:
      '@emotion/is-prop-valid':
        optional: true
      react:
        optional: true
      react-dom:
        optional: true

  tslib@2.6.3:
    resolution: {integrity: sha512-xNvxJEOUiWPGhUuUdQgAJPKOOJfGnIyKySOc09XkKsgdUV/3E2zvwZYdejjmRgPCgcym1juLH3226yA7sEFJKQ==}

snapshots:

  framer-motion@11.2.12:
    dependencies:
      tslib: 2.6.3

  tslib@2.6.3: {}
